// !$*UTF8*$!
{
	archiveVersion = 1;
	classes = {
	};
	objectVersion = 46;
	objects = {

/* Begin PBXBuildFile section */
		630C7D7C7363E9CD099F3CC2 /* Pods_GoogleMap_Demo.framework in Frameworks */ = {isa = PBXBuildFile; fileRef = 2E59DA3245A6F50235DAC774 /* Pods_GoogleMap_Demo.framework */; };
		E5DB7AAC1ECAFD5500AF1FE9 /* AppDelegate.swift in Sources */ = {isa = PBXBuildFile; fileRef = E5DB7AAB1ECAFD5500AF1FE9 /* AppDelegate.swift */; };
		E5DB7AAE1ECAFD5500AF1FE9 /* ViewController.swift in Sources */ = {isa = PBXBuildFile; fileRef = E5DB7AAD1ECAFD5500AF1FE9 /* ViewController.swift */; };
		E5DB7AB11ECAFD5500AF1FE9 /* Main.storyboard in Resources */ = {isa = PBXBuildFile; fileRef = E5DB7AAF1ECAFD5500AF1FE9 /* Main.storyboard */; };
		E5DB7AB31ECAFD5500AF1FE9 /* Assets.xcassets in Resources */ = {isa = PBXBuildFile; fileRef = E5DB7AB21ECAFD5500AF1FE9 /* Assets.xcassets */; };
		E5DB7AB61ECAFD5500AF1FE9 /* LaunchScreen.storyboard in Resources */ = {isa = PBXBuildFile; fileRef = E5DB7AB41ECAFD5500AF1FE9 /* LaunchScreen.storyboard */; };
/* End PBXBuildFile section */

/* Begin PBXFileReference section */
		2E59DA3245A6F50235DAC774 /* Pods_GoogleMap_Demo.framework */ = {isa = PBXFileReference; explicitFileType = wrapper.framework; includeInIndex = 0; path = Pods_GoogleMap_Demo.framework; sourceTree = BUILT_PRODUCTS_DIR; };
		517D677A0B5D8459D51FF118 /* Pods-GoogleMap Demo.debug.xcconfig */ = {isa = PBXFileReference; includeInIndex = 1; lastKnownFileType = text.xcconfig; name = "Pods-GoogleMap Demo.debug.xcconfig"; path = "Pods/Target Support Files/Pods-GoogleMap Demo/Pods-GoogleMap Demo.debug.xcconfig"; sourceTree = "<group>"; };
		C363442837B378B77561CCA5 /* Pods-GoogleMap Demo.release.xcconfig */ = {isa = PBXFileReference; includeInIndex = 1; lastKnownFileType = text.xcconfig; name = "Pods-GoogleMap Demo.release.xcconfig"; path = "Pods/Target Support Files/Pods-GoogleMap Demo/Pods-GoogleMap Demo.release.xcconfig"; sourceTree = "<group>"; };
		E5DB7AA81ECAFD5500AF1FE9 /* GoogleMap Demo.app */ = {isa = PBXFileReference; explicitFileType = wrapper.application; includeInIndex = 0; path = "GoogleMap Demo.app"; sourceTree = BUILT_PRODUCTS_DIR; };
		E5DB7AAB1ECAFD5500AF1FE9 /* AppDelegate.swift */ = {isa = PBXFileReference; lastKnownFileType = sourcecode.swift; path = AppDelegate.swift; sourceTree = "<group>"; };
		E5DB7AAD1ECAFD5500AF1FE9 /* ViewController.swift */ = {isa = PBXFileReference; lastKnownFileType = sourcecode.swift; path = ViewController.swift; sourceTree = "<group>"; };
		E5DB7AB01ECAFD5500AF1FE9 /* Base */ = {isa = PBXFileReference; lastKnownFileType = file.storyboard; name = Base; path = Base.lproj/Main.storyboard; sourceTree = "<group>"; };
		E5DB7AB21ECAFD5500AF1FE9 /* Assets.xcassets */ = {isa = PBXFileReference; lastKnownFileType = folder.assetcatalog; path = Assets.xcassets; sourceTree = "<group>"; };
		E5DB7AB51ECAFD5500AF1FE9 /* Base */ = {isa = PBXFileReference; lastKnownFileType = file.storyboard; name = Base; path = Base.lproj/LaunchScreen.storyboard; sourceTree = "<group>"; };
		E5DB7AB71ECAFD5500AF1FE9 /* Info.plist */ = {isa = PBXFileReference; lastKnownFileType = text.plist.xml; path = Info.plist; sourceTree = "<group>"; };
/* End PBXFileReference section */

/* Begin PBXFrameworksBuildPhase section */
		E5DB7AA51ECAFD5500AF1FE9 /* Frameworks */ = {
			isa = PBXFrameworksBuildPhase;
			buildActionMask = 2147483647;
			files = (
				630C7D7C7363E9CD099F3CC2 /* Pods_GoogleMap_Demo.framework in Frameworks */,
			);
			runOnlyForDeploymentPostprocessing = 0;
		};
/* End PBXFrameworksBuildPhase section */

/* Begin PBXGroup section */
		E5DB7A9F1ECAFD5500AF1FE9 = {
			isa = PBXGroup;
			children = (
				E5DB7AAA1ECAFD5500AF1FE9 /* GoogleMap Demo */,
				E5DB7AA91ECAFD5500AF1FE9 /* Products */,
				F12E8BADB87A7778511901BA /* Pods */,
				FA3D61532E7BEA992B8D3768 /* Frameworks */,
			);
			sourceTree = "<group>";
		};
		E5DB7AA91ECAFD5500AF1FE9 /* Products */ = {
			isa = PBXGroup;
			children = (
				E5DB7AA81ECAFD5500AF1FE9 /* GoogleMap Demo.app */,
			);
			name = Products;
			sourceTree = "<group>";
		};
		E5DB7AAA1ECAFD5500AF1FE9 /* GoogleMap Demo */ = {
			isa = PBXGroup;
			children = (
				E5DB7AAB1ECAFD5500AF1FE9 /* AppDelegate.swift */,
				E5DB7AAD1ECAFD5500AF1FE9 /* ViewController.swift */,
				E5DB7AAF1ECAFD5500AF1FE9 /* Main.storyboard */,
				E5DB7AB21ECAFD5500AF1FE9 /* Assets.xcassets */,
				E5DB7AB41ECAFD5500AF1FE9 /* LaunchScreen.storyboard */,
				E5DB7AB71ECAFD5500AF1FE9 /* Info.plist */,
			);
			path = "GoogleMap Demo";
			sourceTree = "<group>";
		};
		F12E8BADB87A7778511901BA /* Pods */ = {
			isa = PBXGroup;
			children = (
				517D677A0B5D8459D51FF118 /* Pods-GoogleMap Demo.debug.xcconfig */,
				C363442837B378B77561CCA5 /* Pods-GoogleMap Demo.release.xcconfig */,
			);
			name = Pods;
			sourceTree = "<group>";
		};
		FA3D61532E7BEA992B8D3768 /* Frameworks */ = {
			isa = PBXGroup;
			children = (
				2E59DA3245A6F50235DAC774 /* Pods_GoogleMap_Demo.framework */,
			);
			name = Frameworks;
			sourceTree = "<group>";
		};
/* End PBXGroup section */

/* Begin PBXNativeTarget section */
		E5DB7AA71ECAFD5500AF1FE9 /* GoogleMap Demo */ = {
			isa = PBXNativeTarget;
			buildConfigurationList = E5DB7ABA1ECAFD5500AF1FE9 /* Build configuration list for PBXNativeTarget "GoogleMap Demo" */;
			buildPhases = (
				3811AA50D3F8D3D38946B9DD /* [CP] Check Pods Manifest.lock */,
				E5DB7AA41ECAFD5500AF1FE9 /* Sources */,
				E5DB7AA51ECAFD5500AF1FE9 /* Frameworks */,
				E5DB7AA61ECAFD5500AF1FE9 /* Resources */,
				36A11D343A5B0D7D4F064515 /* [CP] Embed Pods Frameworks */,
				5A36930AD28233545012BF4D /* [CP] Copy Pods Resources */,
			);
			buildRules = (
			);
			dependencies = (
			);
			name = "GoogleMap Demo";
			productName = "GoogleMap Demo";
			productReference = E5DB7AA81ECAFD5500AF1FE9 /* GoogleMap Demo.app */;
			productType = "com.apple.product-type.application";
		};
/* End PBXNativeTarget section */

/* Begin PBXProject section */
		E5DB7AA01ECAFD5500AF1FE9 /* Project object */ = {
			isa = PBXProject;
			attributes = {
				LastSwiftUpdateCheck = 0830;
				LastUpgradeCheck = 0830;
				ORGANIZATIONNAME = "MKHG Lab";
				TargetAttributes = {
					E5DB7AA71ECAFD5500AF1FE9 = {
						CreatedOnToolsVersion = 8.3.1;
						ProvisioningStyle = Automatic;
					};
				};
			};
			buildConfigurationList = E5DB7AA31ECAFD5500AF1FE9 /* Build configuration list for PBXProject "GoogleMap Demo" */;
			compatibilityVersion = "Xcode 3.2";
			developmentRegion = English;
			hasScannedForEncodings = 0;
			knownRegions = (
				en,
				Base,
			);
			mainGroup = E5DB7A9F1ECAFD5500AF1FE9;
			productRefGroup = E5DB7AA91ECAFD5500AF1FE9 /* Products */;
			projectDirPath = "";
			projectRoot = "";
			targets = (
				E5DB7AA71ECAFD5500AF1FE9 /* GoogleMap Demo */,
			);
		};
/* End PBXProject section */

/* Begin PBXResourcesBuildPhase section */
		E5DB7AA61ECAFD5500AF1FE9 /* Resources */ = {
			isa = PBXResourcesBuildPhase;
			buildActionMask = 2147483647;
			files = (
				E5DB7AB61ECAFD5500AF1FE9 /* LaunchScreen.storyboard in Resources */,
				E5DB7AB31ECAFD5500AF1FE9 /* Assets.xcassets in Resources */,
				E5DB7AB11ECAFD5500AF1FE9 /* Main.storyboard in Resources */,
			);
			runOnlyForDeploymentPostprocessing = 0;
		};
/* End PBXResourcesBuildPhase section */

/* Begin PBXShellScriptBuildPhase section */
		36A11D343A5B0D7D4F064515 /* [CP] Embed Pods Frameworks */ = {
			isa = PBXShellScriptBuildPhase;
			buildActionMask = 2147483647;
			files = (
			);
			inputPaths = (
			);
			name = "[CP] Embed Pods Frameworks";
			outputPaths = (
			);
			runOnlyForDeploymentPostprocessing = 0;
			shellPath = /bin/sh;
			shellScript = "\"${SRCROOT}/Pods/Target Support Files/Pods-GoogleMap Demo/Pods-GoogleMap Demo-frameworks.sh\"\n";
			showEnvVarsInLog = 0;
		};
		3811AA50D3F8D3D38946B9DD /* [CP] Check Pods Manifest.lock */ = {
			isa = PBXShellScriptBuildPhase;
			buildActionMask = 2147483647;
			files = (
			);
			inputPaths = (
			);
			name = "[CP] Check Pods Manifest.lock";
			outputPaths = (
			);
			runOnlyForDeploymentPostprocessing = 0;
			shellPath = /bin/sh;
			shellScript = "diff \"${PODS_PODFILE_DIR_PATH}/Podfile.lock\" \"${PODS_ROOT}/Manifest.lock\" > /dev/null\nif [ $? != 0 ] ; then\n    # print error to STDERR\n    echo \"error: The sandbox is not in sync with the Podfile.lock. Run 'pod install' or update your CocoaPods installation.\" >&2\n    exit 1\nfi\n";
			showEnvVarsInLog = 0;
		};
		5A36930AD28233545012BF4D /* [CP] Copy Pods Resources */ = {
			isa = PBXShellScriptBuildPhase;
			buildActionMask = 2147483647;
			files = (
			);
			inputPaths = (
			);
			name = "[CP] Copy Pods Resources";
			outputPaths = (
			);
			runOnlyForDeploymentPostprocessing = 0;
			shellPath = /bin/sh;
			shellScript = "\"${SRCROOT}/Pods/Target Support Files/Pods-GoogleMap Demo/Pods-GoogleMap Demo-resources.sh\"\n";
			showEnvVarsInLog = 0;
		};
/* End PBXShellScriptBuildPhase section */

/* Begin PBXSourcesBuildPhase section */
		E5DB7AA41ECAFD5500AF1FE9 /* Sources */ = {
			isa = PBXSourcesBuildPhase;
			buildActionMask = 2147483647;
			files = (
				E5DB7AAE1ECAFD5500AF1FE9 /* ViewController.swift in Sources */,
				E5DB7AAC1ECAFD5500AF1FE9 /* AppDelegate.swift in Sources */,
			);
			runOnlyForDeploymentPostprocessing = 0;
		};
/* End PBXSourcesBuildPhase section */

/* Begin PBXVariantGroup section */
		E5DB7AAF1ECAFD5500AF1FE9 /* Main.storyboard */ = {
			isa = PBXVariantGroup;
			children = (
				E5DB7AB01ECAFD5500AF1FE9 /* Base */,
			);
			name = Main.storyboard;
			sourceTree = "<group>";
		};
		E5DB7AB41ECAFD5500AF1FE9 /* LaunchScreen.storyboard */ = {
			isa = PBXVariantGroup;
			children = (
				E5DB7AB51ECAFD5500AF1FE9 /* Base */,
			);
			name = LaunchScreen.storyboard;
			sourceTree = "<group>";
		};
/* End PBXVariantGroup section */

/* Begin XCBuildConfiguration section */
		E5DB7AB81ECAFD5500AF1FE9 /* Debug */ = {
			isa = XCBuildConfiguration;
			buildSettings = {
				ALWAYS_SEARCH_USER_PATHS = NO;
				CLANG_ANALYZER_NONNULL = YES;
				CLANG_ANALYZER_NUMBER_OBJECT_CONVERSION = YES_AGGRESSIVE;
				CLANG_CXX_LANGUAGE_STANDARD = "gnu++0x";
				CLANG_CXX_LIBRARY = "libc++";
				CLANG_ENABLE_MODULES = YES;
				CLANG_ENABLE_OBJC_ARC = YES;
				CLANG_WARN_BOOL_CONVERSION = YES;
				CLANG_WARN_CONSTANT_CONVERSION = YES;
				CLANG_WARN_DIRECT_OBJC_ISA_USAGE = YES_ERROR;
				CLANG_WARN_DOCUMENTATION_COMMENTS = YES;
				CLANG_WARN_EMPTY_BODY = YES;
				CLANG_WARN_ENUM_CONVERSION = YES;
				CLANG_WARN_INFINITE_RECURSION = YES;
				CLANG_WARN_INT_CONVERSION = YES;
				CLANG_WARN_OBJC_ROOT_CLASS = YES_ERROR;
				CLANG_WARN_SUSPICIOUS_MOVE = YES;
				CLANG_WARN_UNREACHABLE_CODE = YES;
				CLANG_WARN__DUPLICATE_METHOD_MATCH = YES;
				"CODE_SIGN_IDENTITY[sdk=iphoneos*]" = "iPhone Developer";
				COPY_PHASE_STRIP = NO;
				DEBUG_INFORMATION_FORMAT = dwarf;
				ENABLE_STRICT_OBJC_MSGSEND = YES;
				ENABLE_TESTABILITY = YES;
				GCC_C_LANGUAGE_STANDARD = gnu99;
				GCC_DYNAMIC_NO_PIC = NO;
				GCC_NO_COMMON_BLOCKS = YES;
				GCC_OPTIMIZATION_LEVEL = 0;
				GCC_PREPROCESSOR_DEFINITIONS = (
					"DEBUG=1",
					"$(inherited)",
				);
				GCC_WARN_64_TO_32_BIT_CONVERSION = YES;
				GCC_WARN_ABOUT_RETURN_TYPE = YES_ERROR;
				GCC_WARN_UNDECLARED_SELECTOR = YES;
				GCC_WARN_UNINITIALIZED_AUTOS = YES_AGGRESSIVE;
				GCC_WARN_UNUSED_FUNCTION = YES;
				GCC_WARN_UNUSED_VARIABLE = YES;
				IPHONEOS_DEPLOYMENT_TARGET = 10.3;
				MTL_ENABLE_DEBUG_INFO = YES;
				ONLY_ACTIVE_ARCH = YES;
				SDKROOT = iphoneos;
				SWIFT_ACTIVE_COMPILATION_CONDITIONS = DEBUG;
				SWIFT_OPTIMIZATION_LEVEL = "-Onone";
				TARGETED_DEVICE_FAMILY = "1,2";
			};
			name = Debug;
		};
		E5DB7AB91ECAFD5500AF1FE9 /* Release */ = {
			isa = XCBuildConfiguration;
			buildSettings = {
				ALWAYS_SEARCH_USER_PATHS = NO;
				CLANG_ANALYZER_NONNULL = YES;
				CLANG_ANALYZER_NUMBER_OBJECT_CONVERSION = YES_AGGRESSIVE;
				CLANG_CXX_LANGUAGE_STANDARD = "gnu++0x";
				CLANG_CXX_LIBRARY = "libc++";
				CLANG_ENABLE_MODULES = YES;
				CLANG_ENABLE_OBJC_ARC = YES;
				CLANG_WARN_BOOL_CONVERSION = YES;
				CLANG_WARN_CONSTANT_CONVERSION = YES;
				CLANG_WARN_DIRECT_OBJC_ISA_USAGE = YES_ERROR;
				CLANG_WARN_DOCUMENTATION_COMMENTS = YES;
				CLANG_WARN_EMPTY_BODY = YES;
				CLANG_WARN_ENUM_CONVERSION = YES;
				CLANG_WARN_INFINITE_RECURSION = YES;
				CLANG_WARN_INT_CONVERSION = YES;
				CLANG_WARN_OBJC_ROOT_CLASS = YES_ERROR;
				CLANG_WARN_SUSPICIOUS_MOVE = YES;
				CLANG_WARN_UNREACHABLE_CODE = YES;
				CLANG_WARN__DUPLICATE_METHOD_MATCH = YES;
				"CODE_SIGN_IDENTITY[sdk=iphoneos*]" = "iPhone Developer";
				COPY_PHASE_STRIP = NO;
				DEBUG_INFORMATION_FORMAT = "dwarf-with-dsym";
				ENABLE_NS_ASSERTIONS = NO;
				ENABLE_STRICT_OBJC_MSGSEND = YES;
				GCC_C_LANGUAGE_STANDARD = gnu99;
				GCC_NO_COMMON_BLOCKS = YES;
				GCC_WARN_64_TO_32_BIT_CONVERSION = YES;
				GCC_WARN_ABOUT_RETURN_TYPE = YES_ERROR;
				GCC_WARN_UNDECLARED_SELECTOR = YES;
				GCC_WARN_UNINITIALIZED_AUTOS = YES_AGGRESSIVE;
				GCC_WARN_UNUSED_FUNCTION = YES;
				GCC_WARN_UNUSED_VARIABLE = YES;
				IPHONEOS_DEPLOYMENT_TARGET = 10.3;
				MTL_ENABLE_DEBUG_INFO = NO;
				SDKROOT = iphoneos;
				SWIFT_OPTIMIZATION_LEVEL = "-Owholemodule";
				TARGETED_DEVICE_FAMILY = "1,2";
				VALIDATE_PRODUCT = YES;
			};
			name = Release;
		};
		E5DB7ABB1ECAFD5500AF1FE9 /* Debug */ = {
			isa = XCBuildConfiguration;
			baseConfigurationReference = 517D677A0B5D8459D51FF118 /* Pods-GoogleMap Demo.debug.xcconfig */;
			buildSettings = {
				ASSETCATALOG_COMPILER_APPICON_NAME = AppIcon;
				INFOPLIST_FILE = "GoogleMap Demo/Info.plist";
				LD_RUNPATH_SEARCH_PATHS = "$(inherited) @executable_path/Frameworks";
				PRODUCT_BUNDLE_IDENTIFIER = "lab.mkhg.GoogleMap-Demo";
				PRODUCT_NAME = "$(TARGET_NAME)";
				SWIFT_VERSION = 3.0;
			};
			name = Debug;
		};
		E5DB7ABC1ECAFD5500AF1FE9 /* Release */ = {
			isa = XCBuildConfiguration;
			baseConfigurationReference = C363442837B378B77561CCA5 /* Pods-GoogleMap Demo.release.xcconfig */;
			buildSettings = {
				ASSETCATALOG_COMPILER_APPICON_NAME = AppIcon;
				INFOPLIST_FILE = "GoogleMap Demo/Info.plist";
				LD_RUNPATH_SEARCH_PATHS = "$(inherited) @executable_path/Frameworks";
				PRODUCT_BUNDLE_IDENTIFIER = "lab.mkhg.GoogleMap-Demo";
				PRODUCT_NAME = "$(TARGET_NAME)";
				SWIFT_VERSION = 3.0;
			};
			name = Release;
		};
/* End XCBuildConfiguration section */

/* Begin XCConfigurationList section */
		E5DB7AA31ECAFD5500AF1FE9 /* Build configuration list for PBXProject "GoogleMap Demo" */ = {
			isa = XCConfigurationList;
			buildConfigurations = (
				E5DB7AB81ECAFD5500AF1FE9 /* Debug */,
				E5DB7AB91ECAFD5500AF1FE9 /* Release */,
			);
			defaultConfigurationIsVisible = 0;
			defaultConfigurationName = Release;
		};
		E5DB7ABA1ECAFD5500AF1FE9 /* Build configuration list for PBXNativeTarget "GoogleMap Demo" */ = {
			isa = XCConfigurationList;
			buildConfigurations = (
				E5DB7ABB1ECAFD5500AF1FE9 /* Debug */,
				E5DB7ABC1ECAFD5500AF1FE9 /* Release */,
			);
			defaultConfigurationIsVisible = 0;
		};
/* End XCConfigurationList section */
	};
	rootObject = E5DB7AA01ECAFD5500AF1FE9 /* Project object */;
}
